// !$*UTF8*$!
{
	archiveVersion = 1;
	classes = {
	};
	objectVersion = 77;
	objects = {

/* Begin PBXBuildFile section */
		7A4FF46E2E61A9EA00ED6904 /* RealityKit.framework in Frameworks */ = {isa = PBXBuildFile; fileRef = 7A4FF46D2E61A9EA00ED6904 /* RealityKit.framework */; };
		7A4FF4702E6310C900ED6904 /* WebKit.framework in Frameworks */ = {isa = PBXBuildFile; fileRef = 7A4FF46F2E6310C900ED6904 /* WebKit.framework */; };
		7A4FF4722E64390500ED6904 /* UIKit.framework in Frameworks */ = {isa = PBXBuildFile; fileRef = 7A4FF4712E64390500ED6904 /* UIKit.framework */; };
		7AB292EF2E74499D00582D0F /* PostgresClientKit in Frameworks */ = {isa = PBXBuildFile; productRef = 7AB292EE2E74499D00582D0F /* PostgresClientKit */; };
		7AB292F42E7450F100582D0F /* OpenCombine in Frameworks */ = {isa = PBXBuildFile; productRef = 7AB292F32E7450F100582D0F /* OpenCombine */; };
		7AB292F62E7450F100582D0F /* OpenCombineDispatch in Frameworks */ = {isa = PBXBuildFile; productRef = 7AB292F52E7450F100582D0F /* OpenCombineDispatch */; };
		7AB292F82E7450F100582D0F /* OpenCombineFoundation in Frameworks */ = {isa = PBXBuildFile; productRef = 7AB292F72E7450F100582D0F /* OpenCombineFoundation */; };
		7AB292FA2E7450F100582D0F /* OpenCombineShim in Frameworks */ = {isa = PBXBuildFile; productRef = 7AB292F92E7450F100582D0F /* OpenCombineShim */; };
/* End PBXBuildFile section */

/* Begin PBXContainerItemProxy section */
		7A7F82DB2E367C31006291B9 /* PBXContainerItemProxy */ = {
			isa = PBXContainerItemProxy;
			containerPortal = 7A7F82C32E367C30006291B9 /* Project object */;
			proxyType = 1;
			remoteGlobalIDString = 7A7F82CA2E367C30006291B9;
			remoteInfo = CosmosExplorer;
		};
		7A7F82E52E367C31006291B9 /* PBXContainerItemProxy */ = {
			isa = PBXContainerItemProxy;
			containerPortal = 7A7F82C32E367C30006291B9 /* Project object */;
			proxyType = 1;
			remoteGlobalIDString = 7A7F82CA2E367C30006291B9;
			remoteInfo = CosmosExplorer;
		};
/* End PBXContainerItemProxy section */

/* Begin PBXFileReference section */
		7A4FF46D2E61A9EA00ED6904 /* RealityKit.framework */ = {isa = PBXFileReference; lastKnownFileType = wrapper.framework; name = RealityKit.framework; path = System/Library/Frameworks/RealityKit.framework; sourceTree = SDKROOT; };
		7A4FF46F2E6310C900ED6904 /* WebKit.framework */ = {isa = PBXFileReference; lastKnownFileType = wrapper.framework; name = WebKit.framework; path = System/Library/Frameworks/WebKit.framework; sourceTree = SDKROOT; };
		7A4FF4712E64390500ED6904 /* UIKit.framework */ = {isa = PBXFileReference; lastKnownFileType = wrapper.framework; name = UIKit.framework; path = System/Library/Frameworks/UIKit.framework; sourceTree = SDKROOT; };
		7A7F82CB2E367C30006291B9 /* CosmosExplorer.app */ = {isa = PBXFileReference; explicitFileType = wrapper.application; includeInIndex = 0; path = CosmosExplorer.app; sourceTree = BUILT_PRODUCTS_DIR; };
		7A7F82DA2E367C31006291B9 /* CosmosExplorerTests.xctest */ = {isa = PBXFileReference; explicitFileType = wrapper.cfbundle; includeInIndex = 0; path = CosmosExplorerTests.xctest; sourceTree = BUILT_PRODUCTS_DIR; };
		7A7F82E42E367C31006291B9 /* CosmosExplorerUITests.xctest */ = {isa = PBXFileReference; explicitFileType = wrapper.cfbundle; includeInIndex = 0; path = CosmosExplorerUITests.xctest; sourceTree = BUILT_PRODUCTS_DIR; };
/* End PBXFileReference section */

/* Begin PBXFileSystemSynchronizedBuildFileExceptionSet section */
		7A5593E52EA16820008C8C27 /* Exceptions for "ViewModels" folder in "CosmosExplorerUITests" target */ = {
			isa = PBXFileSystemSynchronizedBuildFileExceptionSet;
			membershipExceptions = (
				NebulaViewModel.swift,
			);
			target = 7A7F82E32E367C31006291B9 /* CosmosExplorerUITests */;
		};
		7A5593EB2EA1686D008C8C27 /* Exceptions for "Views" folder in "CosmosExplorerUITests" target */ = {
			isa = PBXFileSystemSynchronizedBuildFileExceptionSet;
			membershipExceptions = (
				Nebula/AddNebulaView.swift,
				Nebula/EditNebulaView.swift,
				Nebula/NebulaCatalogView.swift,
				Nebula/NebulaView.swift,
				Nebula/NebulaView/ButterflyView.swift,
				Nebula/NebulaView/EagleView.swift,
				Nebula/NebulaView/HelixView.swift,
			);
			target = 7A7F82E32E367C31006291B9 /* CosmosExplorerUITests */;
		};
		7AE711D32E371D17003CBFA0 /* Exceptions for "Models" folder in "CosmosExplorer" target */ = {
			isa = PBXFileSystemSynchronizedBuildFileExceptionSet;
			membershipExceptions = (
				BlackholeModel.swift,
				GalaxyModel.swift,
				NebulaModel.swift,
				NewsModel.swift,
				PlanetModel.swift,
				SkyLiveModel.swift,
				StarModel.swift,
				UserModel.swift,
				ZodiacModel.swift,
			);
			target = 7A7F82CA2E367C30006291B9 /* CosmosExplorer */;
		};
		7AE718F72E3A7E9C003CBFA0 /* Exceptions for "CosmosExplorer" folder in "CosmosExplorer" target */ = {
			isa = PBXFileSystemSynchronizedBuildFileExceptionSet;
			membershipExceptions = (
				Info.plist,
			);
			target = 7A7F82CA2E367C30006291B9 /* CosmosExplorer */;
		};
/* End PBXFileSystemSynchronizedBuildFileExceptionSet section */

/* Begin PBXFileSystemSynchronizedRootGroup section */
		7A7F82CD2E367C30006291B9 /* CosmosExplorer */ = {
			isa = PBXFileSystemSynchronizedRootGroup;
			exceptions = (
				7AE718F72E3A7E9C003CBFA0 /* Exceptions for "CosmosExplorer" folder in "CosmosExplorer" target */,
			);
			path = CosmosExplorer;
			sourceTree = "<group>";
		};
		7A7F82DD2E367C31006291B9 /* CosmosExplorerTests */ = {
			isa = PBXFileSystemSynchronizedRootGroup;
			path = CosmosExplorerTests;
			sourceTree = "<group>";
		};
		7A7F82E72E367C31006291B9 /* CosmosExplorerUITests */ = {
			isa = PBXFileSystemSynchronizedRootGroup;
			path = CosmosExplorerUITests;
			sourceTree = "<group>";
		};
		7AE711C52E371C62003CBFA0 /* ViewModels */ = {
			isa = PBXFileSystemSynchronizedRootGroup;
			exceptions = (
				7A5593E52EA16820008C8C27 /* Exceptions for "ViewModels" folder in "CosmosExplorerUITests" target */,
			);
			path = ViewModels;
			sourceTree = "<group>";
		};
		7AE711C72E371C74003CBFA0 /* Models */ = {
			isa = PBXFileSystemSynchronizedRootGroup;
			exceptions = (
				7AE711D32E371D17003CBFA0 /* Exceptions for "Models" folder in "CosmosExplorer" target */,
			);
			path = Models;
			sourceTree = "<group>";
		};
		7AE711CD2E371CAB003CBFA0 /* Views */ = {
			isa = PBXFileSystemSynchronizedRootGroup;
			exceptions = (
				7A5593EB2EA1686D008C8C27 /* Exceptions for "Views" folder in "CosmosExplorerUITests" target */,
			);
			path = Views;
			sourceTree = "<group>";
		};
		7AE711CE2E371CB5003CBFA0 /* Services */ = {
			isa = PBXFileSystemSynchronizedRootGroup;
			path = Services;
			sourceTree = "<group>";
		};
		7AE711CF2E371CBE003CBFA0 /* Utils */ = {
			isa = PBXFileSystemSynchronizedRootGroup;
			path = Utils;
			sourceTree = "<group>";
		};
/* End PBXFileSystemSynchronizedRootGroup section */

/* Begin PBXFrameworksBuildPhase section */
		7A7F82C82E367C30006291B9 /* Frameworks */ = {
			isa = PBXFrameworksBuildPhase;
			buildActionMask = 2147483647;
			files = (
				7A4FF4702E6310C900ED6904 /* WebKit.framework in Frameworks */,
				7A4FF4722E64390500ED6904 /* UIKit.framework in Frameworks */,
				7A4FF46E2E61A9EA00ED6904 /* RealityKit.framework in Frameworks */,
				7AB292F42E7450F100582D0F /* OpenCombine in Frameworks */,
				7AB292F62E7450F100582D0F /* OpenCombineDispatch in Frameworks */,
				7AB292EF2E74499D00582D0F /* PostgresClientKit in Frameworks */,
				7AB292F82E7450F100582D0F /* OpenCombineFoundation in Frameworks */,
				7AB292FA2E7450F100582D0F /* OpenCombineShim in Frameworks */,
			);
			runOnlyForDeploymentPostprocessing = 0;
		};
		7A7F82D72E367C31006291B9 /* Frameworks */ = {
			isa = PBXFrameworksBuildPhase;
			buildActionMask = 2147483647;
			files = (
			);
			runOnlyForDeploymentPostprocessing = 0;
		};
		7A7F82E12E367C31006291B9 /* Frameworks */ = {
			isa = PBXFrameworksBuildPhase;
			buildActionMask = 2147483647;
			files = (
			);
			runOnlyForDeploymentPostprocessing = 0;
		};
/* End PBXFrameworksBuildPhase section */

/* Begin PBXGroup section */
		7A7F82C22E367C30006291B9 = {
			isa = PBXGroup;
			children = (
				7A7F82CD2E367C30006291B9 /* CosmosExplorer */,
				7A7F82DD2E367C31006291B9 /* CosmosExplorerTests */,
				7A7F82E72E367C31006291B9 /* CosmosExplorerUITests */,
				7AE711C72E371C74003CBFA0 /* Models */,
				7AE711C52E371C62003CBFA0 /* ViewModels */,
				7AE711CD2E371CAB003CBFA0 /* Views */,
				7AE711CF2E371CBE003CBFA0 /* Utils */,
				7AE711CE2E371CB5003CBFA0 /* Services */,
				7AE716F52E3761F9003CBFA0 /* Frameworks */,
				7A7F82CC2E367C30006291B9 /* Products */,
			);
			sourceTree = "<group>";
		};
		7A7F82CC2E367C30006291B9 /* Products */ = {
			isa = PBXGroup;
			children = (
				7A7F82CB2E367C30006291B9 /* CosmosExplorer.app */,
				7A7F82DA2E367C31006291B9 /* CosmosExplorerTests.xctest */,
				7A7F82E42E367C31006291B9 /* CosmosExplorerUITests.xctest */,
			);
			name = Products;
			sourceTree = "<group>";
		};
		7AE716F52E3761F9003CBFA0 /* Frameworks */ = {
			isa = PBXGroup;
			children = (
				7A4FF4712E64390500ED6904 /* UIKit.framework */,
				7A4FF46F2E6310C900ED6904 /* WebKit.framework */,
				7A4FF46D2E61A9EA00ED6904 /* RealityKit.framework */,
			);
			name = Frameworks;
			sourceTree = "<group>";
		};
/* End PBXGroup section */

/* Begin PBXNativeTarget section */
		7A7F82CA2E367C30006291B9 /* CosmosExplorer */ = {
			isa = PBXNativeTarget;
			buildConfigurationList = 7A7F82EE2E367C31006291B9 /* Build configuration list for PBXNativeTarget "CosmosExplorer" */;
			buildPhases = (
				7A7F82C72E367C30006291B9 /* Sources */,
				7A7F82C82E367C30006291B9 /* Frameworks */,
				7A7F82C92E367C30006291B9 /* Resources */,
			);
			buildRules = (
			);
			dependencies = (
			);
			fileSystemSynchronizedGroups = (
				7A7F82CD2E367C30006291B9 /* CosmosExplorer */,
				7AE711C52E371C62003CBFA0 /* ViewModels */,
				7AE711CD2E371CAB003CBFA0 /* Views */,
				7AE711CE2E371CB5003CBFA0 /* Services */,
				7AE711CF2E371CBE003CBFA0 /* Utils */,
			);
			name = CosmosExplorer;
			packageProductDependencies = (
				7AB292EE2E74499D00582D0F /* PostgresClientKit */,
				7AB292F32E7450F100582D0F /* OpenCombine */,
				7AB292F52E7450F100582D0F /* OpenCombineDispatch */,
				7AB292F72E7450F100582D0F /* OpenCombineFoundation */,
				7AB292F92E7450F100582D0F /* OpenCombineShim */,
			);
			productName = CosmosExplorer;
			productReference = 7A7F82CB2E367C30006291B9 /* CosmosExplorer.app */;
			productType = "com.apple.product-type.application";
		};
		7A7F82D92E367C31006291B9 /* CosmosExplorerTests */ = {
			isa = PBXNativeTarget;
			buildConfigurationList = 7A7F82F12E367C31006291B9 /* Build configuration list for PBXNativeTarget "CosmosExplorerTests" */;
			buildPhases = (
				7A7F82D62E367C31006291B9 /* Sources */,
				7A7F82D72E367C31006291B9 /* Frameworks */,
				7A7F82D82E367C31006291B9 /* Resources */,
			);
			buildRules = (
			);
			dependencies = (
				7A7F82DC2E367C31006291B9 /* PBXTargetDependency */,
			);
			fileSystemSynchronizedGroups = (
				7A7F82DD2E367C31006291B9 /* CosmosExplorerTests */,
			);
			name = CosmosExplorerTests;
			packageProductDependencies = (
			);
			productName = CosmosExplorerTests;
			productReference = 7A7F82DA2E367C31006291B9 /* CosmosExplorerTests.xctest */;
			productType = "com.apple.product-type.bundle.unit-test";
		};
		7A7F82E32E367C31006291B9 /* CosmosExplorerUITests */ = {
			isa = PBXNativeTarget;
			buildConfigurationList = 7A7F82F42E367C31006291B9 /* Build configuration list for PBXNativeTarget "CosmosExplorerUITests" */;
			buildPhases = (
				7A7F82E02E367C31006291B9 /* Sources */,
				7A7F82E12E367C31006291B9 /* Frameworks */,
				7A7F82E22E367C31006291B9 /* Resources */,
			);
			buildRules = (
			);
			dependencies = (
				7A7F82E62E367C31006291B9 /* PBXTargetDependency */,
			);
			fileSystemSynchronizedGroups = (
				7A7F82E72E367C31006291B9 /* CosmosExplorerUITests */,
				7AE711C72E371C74003CBFA0 /* Models */,
			);
			name = CosmosExplorerUITests;
			packageProductDependencies = (
			);
			productName = CosmosExplorerUITests;
			productReference = 7A7F82E42E367C31006291B9 /* CosmosExplorerUITests.xctest */;
			productType = "com.apple.product-type.bundle.ui-testing";
		};
/* End PBXNativeTarget section */

/* Begin PBXProject section */
		7A7F82C32E367C30006291B9 /* Project object */ = {
			isa = PBXProject;
			attributes = {
				BuildIndependentTargetsInParallel = 1;
				LastSwiftUpdateCheck = 1630;
				LastUpgradeCheck = 1630;
				TargetAttributes = {
					7A7F82CA2E367C30006291B9 = {
						CreatedOnToolsVersion = 16.3;
					};
					7A7F82D92E367C31006291B9 = {
						CreatedOnToolsVersion = 16.3;
						TestTargetID = 7A7F82CA2E367C30006291B9;
					};
					7A7F82E32E367C31006291B9 = {
						CreatedOnToolsVersion = 16.3;
						TestTargetID = 7A7F82CA2E367C30006291B9;
					};
				};
			};
			buildConfigurationList = 7A7F82C62E367C30006291B9 /* Build configuration list for PBXProject "CosmosExplorer" */;
			developmentRegion = en;
			hasScannedForEncodings = 0;
			knownRegions = (
				en,
				Base,
				vi,
			);
			mainGroup = 7A7F82C22E367C30006291B9;
			minimizedProjectReferenceProxies = 1;
			packageReferences = (
				7AB292ED2E74499D00582D0F /* XCRemoteSwiftPackageReference "PostgresClientKit" */,
				7AB292F22E7450F100582D0F /* XCRemoteSwiftPackageReference "OpenCombine" */,
			);
			preferredProjectObjectVersion = 77;
			productRefGroup = 7A7F82CC2E367C30006291B9 /* Products */;
			projectDirPath = "";
			projectRoot = "";
			targets = (
				7A7F82CA2E367C30006291B9 /* CosmosExplorer */,
				7A7F82D92E367C31006291B9 /* CosmosExplorerTests */,
				7A7F82E32E367C31006291B9 /* CosmosExplorerUITests */,
			);
		};
/* End PBXProject section */

/* Begin PBXResourcesBuildPhase section */
		7A7F82C92E367C30006291B9 /* Resources */ = {
			isa = PBXResourcesBuildPhase;
			buildActionMask = 2147483647;
			files = (
			);
			runOnlyForDeploymentPostprocessing = 0;
		};
		7A7F82D82E367C31006291B9 /* Resources */ = {
			isa = PBXResourcesBuildPhase;
			buildActionMask = 2147483647;
			files = (
			);
			runOnlyForDeploymentPostprocessing = 0;
		};
		7A7F82E22E367C31006291B9 /* Resources */ = {
			isa = PBXResourcesBuildPhase;
			buildActionMask = 2147483647;
			files = (
			);
			runOnlyForDeploymentPostprocessing = 0;
		};
/* End PBXResourcesBuildPhase section */

/* Begin PBXSourcesBuildPhase section */
		7A7F82C72E367C30006291B9 /* Sources */ = {
			isa = PBXSourcesBuildPhase;
			buildActionMask = 2147483647;
			files = (
			);
			runOnlyForDeploymentPostprocessing = 0;
		};
		7A7F82D62E367C31006291B9 /* Sources */ = {
			isa = PBXSourcesBuildPhase;
			buildActionMask = 2147483647;
			files = (
			);
			runOnlyForDeploymentPostprocessing = 0;
		};
		7A7F82E02E367C31006291B9 /* Sources */ = {
			isa = PBXSourcesBuildPhase;
			buildActionMask = 2147483647;
			files = (
			);
			runOnlyForDeploymentPostprocessing = 0;
		};
/* End PBXSourcesBuildPhase section */

/* Begin PBXTargetDependency section */
		7A7F82DC2E367C31006291B9 /* PBXTargetDependency */ = {
			isa = PBXTargetDependency;
			target = 7A7F82CA2E367C30006291B9 /* CosmosExplorer */;
			targetProxy = 7A7F82DB2E367C31006291B9 /* PBXContainerItemProxy */;
		};
		7A7F82E62E367C31006291B9 /* PBXTargetDependency */ = {
			isa = PBXTargetDependency;
			target = 7A7F82CA2E367C30006291B9 /* CosmosExplorer */;
			targetProxy = 7A7F82E52E367C31006291B9 /* PBXContainerItemProxy */;
		};
/* End PBXTargetDependency section */

/* Begin XCBuildConfiguration section */
		7A7F82EC2E367C31006291B9 /* Debug */ = {
			isa = XCBuildConfiguration;
			buildSettings = {
				ALWAYS_SEARCH_USER_PATHS = NO;
				ASSETCATALOG_COMPILER_GENERATE_SWIFT_ASSET_SYMBOL_EXTENSIONS = YES;
				CLANG_ANALYZER_LOCALIZABILITY_NONLOCALIZED = YES;
				CLANG_ANALYZER_NONNULL = YES;
				CLANG_ANALYZER_NUMBER_OBJECT_CONVERSION = YES_AGGRESSIVE;
				CLANG_CXX_LANGUAGE_STANDARD = "gnu++20";
				CLANG_ENABLE_MODULES = YES;
				CLANG_ENABLE_OBJC_ARC = YES;
				CLANG_ENABLE_OBJC_WEAK = YES;
				CLANG_WARN_BLOCK_CAPTURE_AUTORELEASING = YES;
				CLANG_WARN_BOOL_CONVERSION = YES;
				CLANG_WARN_COMMA = YES;
				CLANG_WARN_CONSTANT_CONVERSION = YES;
				CLANG_WARN_DEPRECATED_OBJC_IMPLEMENTATIONS = YES;
				CLANG_WARN_DIRECT_OBJC_ISA_USAGE = YES_ERROR;
				CLANG_WARN_DOCUMENTATION_COMMENTS = YES;
				CLANG_WARN_EMPTY_BODY = YES;
				CLANG_WARN_ENUM_CONVERSION = YES;
				CLANG_WARN_INFINITE_RECURSION = YES;
				CLANG_WARN_INT_CONVERSION = YES;
				CLANG_WARN_NON_LITERAL_NULL_CONVERSION = YES;
				CLANG_WARN_OBJC_IMPLICIT_RETAIN_SELF = YES;
				CLANG_WARN_OBJC_LITERAL_CONVERSION = YES;
				CLANG_WARN_OBJC_ROOT_CLASS = YES_ERROR;
				CLANG_WARN_QUOTED_INCLUDE_IN_FRAMEWORK_HEADER = YES;
				CLANG_WARN_RANGE_LOOP_ANALYSIS = YES;
				CLANG_WARN_STRICT_PROTOTYPES = YES;
				CLANG_WARN_SUSPICIOUS_MOVE = YES;
				CLANG_WARN_UNGUARDED_AVAILABILITY = YES_AGGRESSIVE;
				CLANG_WARN_UNREACHABLE_CODE = YES;
				CLANG_WARN__DUPLICATE_METHOD_MATCH = YES;
				COPY_PHASE_STRIP = NO;
				DEBUG_INFORMATION_FORMAT = dwarf;
				DEVELOPMENT_TEAM = M47BB5RR2A;
				ENABLE_STRICT_OBJC_MSGSEND = YES;
				ENABLE_TESTABILITY = YES;
				ENABLE_USER_SCRIPT_SANDBOXING = YES;
				GCC_C_LANGUAGE_STANDARD = gnu17;
				GCC_DYNAMIC_NO_PIC = NO;
				GCC_NO_COMMON_BLOCKS = YES;
				GCC_OPTIMIZATION_LEVEL = 0;
				GCC_PREPROCESSOR_DEFINITIONS = (
					"DEBUG=1",
					"$(inherited)",
				);
				GCC_WARN_64_TO_32_BIT_CONVERSION = YES;
				GCC_WARN_ABOUT_RETURN_TYPE = YES_ERROR;
				GCC_WARN_UNDECLARED_SELECTOR = YES;
				GCC_WARN_UNINITIALIZED_AUTOS = YES_AGGRESSIVE;
				GCC_WARN_UNUSED_FUNCTION = YES;
				GCC_WARN_UNUSED_VARIABLE = YES;
				IPHONEOS_DEPLOYMENT_TARGET = 18.4;
				LOCALIZATION_PREFERS_STRING_CATALOGS = YES;
				MTL_ENABLE_DEBUG_INFO = INCLUDE_SOURCE;
				MTL_FAST_MATH = YES;
				ONLY_ACTIVE_ARCH = YES;
				SDKROOT = iphoneos;
				SWIFT_ACTIVE_COMPILATION_CONDITIONS = "DEBUG $(inherited)";
				SWIFT_OPTIMIZATION_LEVEL = "-Onone";
			};
			name = Debug;
		};
		7A7F82ED2E367C31006291B9 /* Release */ = {
			isa = XCBuildConfiguration;
			buildSettings = {
				ALWAYS_SEARCH_USER_PATHS = NO;
				ASSETCATALOG_COMPILER_GENERATE_SWIFT_ASSET_SYMBOL_EXTENSIONS = YES;
				CLANG_ANALYZER_LOCALIZABILITY_NONLOCALIZED = YES;
				CLANG_ANALYZER_NONNULL = YES;
				CLANG_ANALYZER_NUMBER_OBJECT_CONVERSION = YES_AGGRESSIVE;
				CLANG_CXX_LANGUAGE_STANDARD = "gnu++20";
				CLANG_ENABLE_MODULES = YES;
				CLANG_ENABLE_OBJC_ARC = YES;
				CLANG_ENABLE_OBJC_WEAK = YES;
				CLANG_WARN_BLOCK_CAPTURE_AUTORELEASING = YES;
				CLANG_WARN_BOOL_CONVERSION = YES;
				CLANG_WARN_COMMA = YES;
				CLANG_WARN_CONSTANT_CONVERSION = YES;
				CLANG_WARN_DEPRECATED_OBJC_IMPLEMENTATIONS = YES;
				CLANG_WARN_DIRECT_OBJC_ISA_USAGE = YES_ERROR;
				CLANG_WARN_DOCUMENTATION_COMMENTS = YES;
				CLANG_WARN_EMPTY_BODY = YES;
				CLANG_WARN_ENUM_CONVERSION = YES;
				CLANG_WARN_INFINITE_RECURSION = YES;
				CLANG_WARN_INT_CONVERSION = YES;
				CLANG_WARN_NON_LITERAL_NULL_CONVERSION = YES;
				CLANG_WARN_OBJC_IMPLICIT_RETAIN_SELF = YES;
				CLANG_WARN_OBJC_LITERAL_CONVERSION = YES;
				CLANG_WARN_OBJC_ROOT_CLASS = YES_ERROR;
				CLANG_WARN_QUOTED_INCLUDE_IN_FRAMEWORK_HEADER = YES;
				CLANG_WARN_RANGE_LOOP_ANALYSIS = YES;
				CLANG_WARN_STRICT_PROTOTYPES = YES;
				CLANG_WARN_SUSPICIOUS_MOVE = YES;
				CLANG_WARN_UNGUARDED_AVAILABILITY = YES_AGGRESSIVE;
				CLANG_WARN_UNREACHABLE_CODE = YES;
				CLANG_WARN__DUPLICATE_METHOD_MATCH = YES;
				COPY_PHASE_STRIP = NO;
				DEBUG_INFORMATION_FORMAT = "dwarf-with-dsym";
				DEVELOPMENT_TEAM = M47BB5RR2A;
				ENABLE_NS_ASSERTIONS = NO;
				ENABLE_STRICT_OBJC_MSGSEND = YES;
				ENABLE_USER_SCRIPT_SANDBOXING = YES;
				GCC_C_LANGUAGE_STANDARD = gnu17;
				GCC_NO_COMMON_BLOCKS = YES;
				GCC_WARN_64_TO_32_BIT_CONVERSION = YES;
				GCC_WARN_ABOUT_RETURN_TYPE = YES_ERROR;
				GCC_WARN_UNDECLARED_SELECTOR = YES;
				GCC_WARN_UNINITIALIZED_AUTOS = YES_AGGRESSIVE;
				GCC_WARN_UNUSED_FUNCTION = YES;
				GCC_WARN_UNUSED_VARIABLE = YES;
				IPHONEOS_DEPLOYMENT_TARGET = 18.4;
				LOCALIZATION_PREFERS_STRING_CATALOGS = YES;
				MTL_ENABLE_DEBUG_INFO = NO;
				MTL_FAST_MATH = YES;
				SDKROOT = iphoneos;
				SWIFT_COMPILATION_MODE = wholemodule;
				VALIDATE_PRODUCT = YES;
			};
			name = Release;
		};
		7A7F82EF2E367C31006291B9 /* Debug */ = {
			isa = XCBuildConfiguration;
			buildSettings = {
				ASSETCATALOG_COMPILER_APPICON_NAME = AppIcon;
				ASSETCATALOG_COMPILER_GLOBAL_ACCENT_COLOR_NAME = AccentColor;
				CODE_SIGN_STYLE = Automatic;
				CURRENT_PROJECT_VERSION = 1;
				DEVELOPMENT_TEAM = M47BB5RR2A;
				ENABLE_PREVIEWS = YES;
				GENERATE_INFOPLIST_FILE = YES;
				INFOPLIST_FILE = CosmosExplorer/Info.plist;
				INFOPLIST_KEY_UIApplicationSceneManifest_Generation = YES;
				INFOPLIST_KEY_UIApplicationSupportsIndirectInputEvents = YES;
				INFOPLIST_KEY_UILaunchScreen_Generation = YES;
				INFOPLIST_KEY_UISupportedInterfaceOrientations_iPad = "UIInterfaceOrientationPortrait UIInterfaceOrientationPortraitUpsideDown UIInterfaceOrientationLandscapeLeft UIInterfaceOrientationLandscapeRight";
				INFOPLIST_KEY_UISupportedInterfaceOrientations_iPhone = "UIInterfaceOrientationPortrait UIInterfaceOrientationLandscapeLeft UIInterfaceOrientationLandscapeRight";
				LD_RUNPATH_SEARCH_PATHS = (
					"$(inherited)",
					"@executable_path/Frameworks",
				);
				MARKETING_VERSION = 1.0;
				PRODUCT_BUNDLE_IDENTIFIER = loinguyen.com.CosmosExplorer;
				PRODUCT_NAME = "$(TARGET_NAME)";
				SWIFT_EMIT_LOC_STRINGS = YES;
				SWIFT_VERSION = 5.0;
				TARGETED_DEVICE_FAMILY = "1,2";
			};
			name = Debug;
		};
		7A7F82F02E367C31006291B9 /* Release */ = {
			isa = XCBuildConfiguration;
			buildSettings = {
				ASSETCATALOG_COMPILER_APPICON_NAME = AppIcon;
				ASSETCATALOG_COMPILER_GLOBAL_ACCENT_COLOR_NAME = AccentColor;
				CODE_SIGN_STYLE = Automatic;
				CURRENT_PROJECT_VERSION = 1;
				DEVELOPMENT_TEAM = M47BB5RR2A;
				ENABLE_PREVIEWS = YES;
				GENERATE_INFOPLIST_FILE = YES;
				INFOPLIST_FILE = CosmosExplorer/Info.plist;
				INFOPLIST_KEY_UIApplicationSceneManifest_Generation = YES;
				INFOPLIST_KEY_UIApplicationSupportsIndirectInputEvents = YES;
				INFOPLIST_KEY_UILaunchScreen_Generation = YES;
				INFOPLIST_KEY_UISupportedInterfaceOrientations_iPad = "UIInterfaceOrientationPortrait UIInterfaceOrientationPortraitUpsideDown UIInterfaceOrientationLandscapeLeft UIInterfaceOrientationLandscapeRight";
				INFOPLIST_KEY_UISupportedInterfaceOrientations_iPhone = "UIInterfaceOrientationPortrait UIInterfaceOrientationLandscapeLeft UIInterfaceOrientationLandscapeRight";
				LD_RUNPATH_SEARCH_PATHS = (
					"$(inherited)",
					"@executable_path/Frameworks",
				);
				MARKETING_VERSION = 1.0;
				PRODUCT_BUNDLE_IDENTIFIER = loinguyen.com.CosmosExplorer;
				PRODUCT_NAME = "$(TARGET_NAME)";
				SWIFT_EMIT_LOC_STRINGS = YES;
				SWIFT_VERSION = 5.0;
				TARGETED_DEVICE_FAMILY = "1,2";
			};
			name = Release;
		};
		7A7F82F22E367C31006291B9 /* Debug */ = {
			isa = XCBuildConfiguration;
			buildSettings = {
				BUNDLE_LOADER = "$(TEST_HOST)";
				CODE_SIGN_STYLE = Automatic;
				CURRENT_PROJECT_VERSION = 1;
				DEVELOPMENT_TEAM = M47BB5RR2A;
				GENERATE_INFOPLIST_FILE = YES;
				IPHONEOS_DEPLOYMENT_TARGET = 18.4;
				MARKETING_VERSION = 1.0;
				PRODUCT_BUNDLE_IDENTIFIER = loinguyen.com.CosmosExplorerTests;
				PRODUCT_NAME = "$(TARGET_NAME)";
				SWIFT_EMIT_LOC_STRINGS = NO;
				SWIFT_VERSION = 5.0;
				TARGETED_DEVICE_FAMILY = "1,2";
				TEST_HOST = "$(BUILT_PRODUCTS_DIR)/CosmosExplorer.app/$(BUNDLE_EXECUTABLE_FOLDER_PATH)/CosmosExplorer";
			};
			name = Debug;
		};
		7A7F82F32E367C31006291B9 /* Release */ = {
			isa = XCBuildConfiguration;
			buildSettings = {
				BUNDLE_LOADER = "$(TEST_HOST)";
				CODE_SIGN_STYLE = Automatic;
				CURRENT_PROJECT_VERSION = 1;
				DEVELOPMENT_TEAM = M47BB5RR2A;
				GENERATE_INFOPLIST_FILE = YES;
				IPHONEOS_DEPLOYMENT_TARGET = 18.4;
				MARKETING_VERSION = 1.0;
				PRODUCT_BUNDLE_IDENTIFIER = loinguyen.com.CosmosExplorerTests;
				PRODUCT_NAME = "$(TARGET_NAME)";
				SWIFT_EMIT_LOC_STRINGS = NO;
				SWIFT_VERSION = 5.0;
				TARGETED_DEVICE_FAMILY = "1,2";
				TEST_HOST = "$(BUILT_PRODUCTS_DIR)/CosmosExplorer.app/$(BUNDLE_EXECUTABLE_FOLDER_PATH)/CosmosExplorer";
			};
			name = Release;
		};
		7A7F82F52E367C31006291B9 /* Debug */ = {
			isa = XCBuildConfiguration;
			buildSettings = {
				CODE_SIGN_STYLE = Automatic;
				CURRENT_PROJECT_VERSION = 1;
				DEVELOPMENT_TEAM = M47BB5RR2A;
				GENERATE_INFOPLIST_FILE = YES;
				MARKETING_VERSION = 1.0;
				PRODUCT_BUNDLE_IDENTIFIER = loinguyen.com.CosmosExplorerUITests;
				PRODUCT_NAME = "$(TARGET_NAME)";
				SWIFT_EMIT_LOC_STRINGS = NO;
				SWIFT_VERSION = 5.0;
				TARGETED_DEVICE_FAMILY = "1,2";
				TEST_TARGET_NAME = CosmosExplorer;
			};
			name = Debug;
		};
		7A7F82F62E367C31006291B9 /* Release */ = {
			isa = XCBuildConfiguration;
			buildSettings = {
				CODE_SIGN_STYLE = Automatic;
				CURRENT_PROJECT_VERSION = 1;
				DEVELOPMENT_TEAM = M47BB5RR2A;
				GENERATE_INFOPLIST_FILE = YES;
				MARKETING_VERSION = 1.0;
				PRODUCT_BUNDLE_IDENTIFIER = loinguyen.com.CosmosExplorerUITests;
				PRODUCT_NAME = "$(TARGET_NAME)";
				SWIFT_EMIT_LOC_STRINGS = NO;
				SWIFT_VERSION = 5.0;
				TARGETED_DEVICE_FAMILY = "1,2";
				TEST_TARGET_NAME = CosmosExplorer;
			};
			name = Release;
		};
/* End XCBuildConfiguration section */

/* Begin XCConfigurationList section */
		7A7F82C62E367C30006291B9 /* Build configuration list for PBXProject "CosmosExplorer" */ = {
			isa = XCConfigurationList;
			buildConfigurations = (
				7A7F82EC2E367C31006291B9 /* Debug */,
				7A7F82ED2E367C31006291B9 /* Release */,
			);
			defaultConfigurationIsVisible = 0;
			defaultConfigurationName = Release;
		};
		7A7F82EE2E367C31006291B9 /* Build configuration list for PBXNativeTarget "CosmosExplorer" */ = {
			isa = XCConfigurationList;
			buildConfigurations = (
				7A7F82EF2E367C31006291B9 /* Debug */,
				7A7F82F02E367C31006291B9 /* Release */,
			);
			defaultConfigurationIsVisible = 0;
			defaultConfigurationName = Release;
		};
		7A7F82F12E367C31006291B9 /* Build configuration list for PBXNativeTarget "CosmosExplorerTests" */ = {
			isa = XCConfigurationList;
			buildConfigurations = (
				7A7F82F22E367C31006291B9 /* Debug */,
				7A7F82F32E367C31006291B9 /* Release */,
			);
			defaultConfigurationIsVisible = 0;
			defaultConfigurationName = Release;
		};
		7A7F82F42E367C31006291B9 /* Build configuration list for PBXNativeTarget "CosmosExplorerUITests" */ = {
			isa = XCConfigurationList;
			buildConfigurations = (
				7A7F82F52E367C31006291B9 /* Debug */,
				7A7F82F62E367C31006291B9 /* Release */,
			);
			defaultConfigurationIsVisible = 0;
			defaultConfigurationName = Release;
		};
/* End XCConfigurationList section */

/* Begin XCRemoteSwiftPackageReference section */
		7AB292ED2E74499D00582D0F /* XCRemoteSwiftPackageReference "PostgresClientKit" */ = {
			isa = XCRemoteSwiftPackageReference;
			repositoryURL = "https://github.com/codewinsdotcom/PostgresClientKit";
			requirement = {
				kind = upToNextMajorVersion;
				minimumVersion = 1.0.0;
			};
		};
		7AB292F22E7450F100582D0F /* XCRemoteSwiftPackageReference "OpenCombine" */ = {
			isa = XCRemoteSwiftPackageReference;
			repositoryURL = "https://github.com/OpenCombine/OpenCombine.git";
			requirement = {
				kind = upToNextMajorVersion;
				minimumVersion = 0.14.0;
			};
		};
/* End XCRemoteSwiftPackageReference section */

/* Begin XCSwiftPackageProductDependency section */
		7AB292EE2E74499D00582D0F /* PostgresClientKit */ = {
			isa = XCSwiftPackageProductDependency;
			package = 7AB292ED2E74499D00582D0F /* XCRemoteSwiftPackageReference "PostgresClientKit" */;
			productName = PostgresClientKit;
		};
		7AB292F32E7450F100582D0F /* OpenCombine */ = {
			isa = XCSwiftPackageProductDependency;
			package = 7AB292F22E7450F100582D0F /* XCRemoteSwiftPackageReference "OpenCombine" */;
			productName = OpenCombine;
		};
		7AB292F52E7450F100582D0F /* OpenCombineDispatch */ = {
			isa = XCSwiftPackageProductDependency;
			package = 7AB292F22E7450F100582D0F /* XCRemoteSwiftPackageReference "OpenCombine" */;
			productName = OpenCombineDispatch;
		};
		7AB292F72E7450F100582D0F /* OpenCombineFoundation */ = {
			isa = XCSwiftPackageProductDependency;
			package = 7AB292F22E7450F100582D0F /* XCRemoteSwiftPackageReference "OpenCombine" */;
			productName = OpenCombineFoundation;
		};
		7AB292F92E7450F100582D0F /* OpenCombineShim */ = {
			isa = XCSwiftPackageProductDependency;
			package = 7AB292F22E7450F100582D0F /* XCRemoteSwiftPackageReference "OpenCombine" */;
			productName = OpenCombineShim;
		};
/* End XCSwiftPackageProductDependency section */
	};
	rootObject = 7A7F82C32E367C30006291B9 /* Project object */;
}
